
Microsoft Visual Studio Solution File, Format Version 12.00
# Visual Studio Version 17
VisualStudioVersion = 17.7.34031.279
MinimumVisualStudioVersion = 10.0.40219.1
Project("{FAE04EC0-301F-11D3-BF4B-00C04F79EFBC}") = "MagicVilla_API", "MagicVilla_API\MagicVilla_API.csproj", "{68753153-E153-4AE3-ABB0-B55101643D3F}"
EndProject
Global
	GlobalSection(SolutionConfigurationPlatforms) = preSolution
		Debug|Any CPU = Debug|Any CPU
		Release|Any CPU = Release|Any CPU
	EndGlobalSection
	GlobalSection(ProjectConfigurationPlatforms) = postSolution
		{68753153-E153-4AE3-ABB0-B55101643D3F}.Debug|Any CPU.ActiveCfg = Debug|Any CPU
		{68753153-E153-4AE3-ABB0-B55101643D3F}.Debug|Any CPU.Build.0 = Debug|Any CPU
		{68753153-E153-4AE3-ABB0-B55101643D3F}.Release|Any CPU.ActiveCfg = Release|Any CPU
		{68753153-E153-4AE3-ABB0-B55101643D3F}.Release|Any CPU.Build.0 = Release|Any CPU
	EndGlobalSection
	GlobalSection(SolutionProperties) = preSolution
		HideSolutionNode = FALSE
	EndGlobalSection
	GlobalSection(ExtensibilityGlobals) = postSolution
		SolutionGuid = {CE250C72-C33F-46C9-9211-9BE2C791003E}
	EndGlobalSection
EndGlobal
